// !$*UTF8*$!
{
	archiveVersion = 1;
	classes = {
	};
	objectVersion = 50;
	objects = {

/* Begin PBXBuildFile section */
		7D27452A220FEE2500CF03CE /* AppDelegate.m in Sources */ = {isa = PBXBuildFile; fileRef = 7D274529220FEE2500CF03CE /* AppDelegate.m */; };
		7D27452D220FEE2500CF03CE /* LoginViewController.m in Sources */ = {isa = PBXBuildFile; fileRef = 7D27452C220FEE2500CF03CE /* LoginViewController.m */; };
		7D274530220FEE2500CF03CE /* Main.storyboard in Resources */ = {isa = PBXBuildFile; fileRef = 7D27452E220FEE2500CF03CE /* Main.storyboard */; };
		7D274532220FEE2700CF03CE /* Assets.xcassets in Resources */ = {isa = PBXBuildFile; fileRef = 7D274531220FEE2700CF03CE /* Assets.xcassets */; };
		7D274535220FEE2700CF03CE /* LaunchScreen.storyboard in Resources */ = {isa = PBXBuildFile; fileRef = 7D274533220FEE2700CF03CE /* LaunchScreen.storyboard */; };
		7D274538220FEE2700CF03CE /* main.m in Sources */ = {isa = PBXBuildFile; fileRef = 7D274537220FEE2700CF03CE /* main.m */; };
		7D274543220FF71B00CF03CE /* ButtonEnablingBehavior.m in Sources */ = {isa = PBXBuildFile; fileRef = 7D274542220FF71B00CF03CE /* ButtonEnablingBehavior.m */; };
		7D27454922102D8200CF03CE /* ListViewController.m in Sources */ = {isa = PBXBuildFile; fileRef = 7D27454822102D8200CF03CE /* ListViewController.m */; };
		7D4757E92212D7DF00FAFDFF /* DetailViewController.m in Sources */ = {isa = PBXBuildFile; fileRef = 7D4757E82212D7DF00FAFDFF /* DetailViewController.m */; };
		7D4757EC2212E71C00FAFDFF /* Annotation.m in Sources */ = {isa = PBXBuildFile; fileRef = 7D4757EB2212E71C00FAFDFF /* Annotation.m */; };
		7D650D3022114469004D8023 /* DataService.m in Sources */ = {isa = PBXBuildFile; fileRef = 7D650D2F22114469004D8023 /* DataService.m */; };
		7D81AA8022104DDF00C4AD3D /* LoginService.m in Sources */ = {isa = PBXBuildFile; fileRef = 7D81AA7F22104DDF00C4AD3D /* LoginService.m */; };
		7DC5DAEB22118C2100AB8C58 /* Airport.m in Sources */ = {isa = PBXBuildFile; fileRef = 7DC5DAEA22118C2100AB8C58 /* Airport.m */; };
		7DC5DAEE2211D0E100AB8C58 /* ListTableViewCell.m in Sources */ = {isa = PBXBuildFile; fileRef = 7DC5DAED2211D0E100AB8C58 /* ListTableViewCell.m */; };
		7DC5DAF12211D80A00AB8C58 /* UIImageView+Extension.m in Sources */ = {isa = PBXBuildFile; fileRef = 7DC5DAF02211D80A00AB8C58 /* UIImageView+Extension.m */; };
/* End PBXBuildFile section */

/* Begin PBXFileReference section */
		7D274525220FEE2500CF03CE /* TestTaskAlarStudiosObjC.app */ = {isa = PBXFileReference; explicitFileType = wrapper.application; includeInIndex = 0; path = TestTaskAlarStudiosObjC.app; sourceTree = BUILT_PRODUCTS_DIR; };
		7D274528220FEE2500CF03CE /* AppDelegate.h */ = {isa = PBXFileReference; lastKnownFileType = sourcecode.c.h; path = AppDelegate.h; sourceTree = "<group>"; };
		7D274529220FEE2500CF03CE /* AppDelegate.m */ = {isa = PBXFileReference; lastKnownFileType = sourcecode.c.objc; path = AppDelegate.m; sourceTree = "<group>"; };
		7D27452B220FEE2500CF03CE /* LoginViewController.h */ = {isa = PBXFileReference; lastKnownFileType = sourcecode.c.h; path = LoginViewController.h; sourceTree = "<group>"; };
		7D27452C220FEE2500CF03CE /* LoginViewController.m */ = {isa = PBXFileReference; lastKnownFileType = sourcecode.c.objc; path = LoginViewController.m; sourceTree = "<group>"; };
		7D27452F220FEE2500CF03CE /* Base */ = {isa = PBXFileReference; lastKnownFileType = file.storyboard; name = Base; path = Base.lproj/Main.storyboard; sourceTree = "<group>"; };
		7D274531220FEE2700CF03CE /* Assets.xcassets */ = {isa = PBXFileReference; lastKnownFileType = folder.assetcatalog; path = Assets.xcassets; sourceTree = "<group>"; };
		7D274534220FEE2700CF03CE /* Base */ = {isa = PBXFileReference; lastKnownFileType = file.storyboard; name = Base; path = Base.lproj/LaunchScreen.storyboard; sourceTree = "<group>"; };
		7D274536220FEE2700CF03CE /* Info.plist */ = {isa = PBXFileReference; lastKnownFileType = text.plist.xml; path = Info.plist; sourceTree = "<group>"; };
		7D274537220FEE2700CF03CE /* main.m */ = {isa = PBXFileReference; lastKnownFileType = sourcecode.c.objc; path = main.m; sourceTree = "<group>"; };
		7D274541220FF71B00CF03CE /* ButtonEnablingBehavior.h */ = {isa = PBXFileReference; lastKnownFileType = sourcecode.c.h; path = ButtonEnablingBehavior.h; sourceTree = "<group>"; };
		7D274542220FF71B00CF03CE /* ButtonEnablingBehavior.m */ = {isa = PBXFileReference; lastKnownFileType = sourcecode.c.objc; path = ButtonEnablingBehavior.m; sourceTree = "<group>"; };
		7D27454422101C6E00CF03CE /* BlockHandlers.h */ = {isa = PBXFileReference; lastKnownFileType = sourcecode.c.h; path = BlockHandlers.h; sourceTree = "<group>"; };
		7D27454722102D8200CF03CE /* ListViewController.h */ = {isa = PBXFileReference; lastKnownFileType = sourcecode.c.h; path = ListViewController.h; sourceTree = "<group>"; };
		7D27454822102D8200CF03CE /* ListViewController.m */ = {isa = PBXFileReference; lastKnownFileType = sourcecode.c.objc; path = ListViewController.m; sourceTree = "<group>"; };
		7D4757E72212D7DF00FAFDFF /* DetailViewController.h */ = {isa = PBXFileReference; lastKnownFileType = sourcecode.c.h; path = DetailViewController.h; sourceTree = "<group>"; };
		7D4757E82212D7DF00FAFDFF /* DetailViewController.m */ = {isa = PBXFileReference; lastKnownFileType = sourcecode.c.objc; path = DetailViewController.m; sourceTree = "<group>"; };
		7D4757EA2212E71C00FAFDFF /* Annotation.h */ = {isa = PBXFileReference; lastKnownFileType = sourcecode.c.h; path = Annotation.h; sourceTree = "<group>"; };
		7D4757EB2212E71C00FAFDFF /* Annotation.m */ = {isa = PBXFileReference; lastKnownFileType = sourcecode.c.objc; path = Annotation.m; sourceTree = "<group>"; };
		7D650D2E22114469004D8023 /* DataService.h */ = {isa = PBXFileReference; lastKnownFileType = sourcecode.c.h; path = DataService.h; sourceTree = "<group>"; };
		7D650D2F22114469004D8023 /* DataService.m */ = {isa = PBXFileReference; lastKnownFileType = sourcecode.c.objc; path = DataService.m; sourceTree = "<group>"; };
		7D81AA7E22104DDF00C4AD3D /* LoginService.h */ = {isa = PBXFileReference; lastKnownFileType = sourcecode.c.h; path = LoginService.h; sourceTree = "<group>"; };
		7D81AA7F22104DDF00C4AD3D /* LoginService.m */ = {isa = PBXFileReference; lastKnownFileType = sourcecode.c.objc; path = LoginService.m; sourceTree = "<group>"; };
		7DC5DAE52211647200AB8C58 /* Airport.h */ = {isa = PBXFileReference; lastKnownFileType = sourcecode.c.h; path = Airport.h; sourceTree = "<group>"; };
		7DC5DAE92211773E00AB8C58 /* AlertDisplayer.h */ = {isa = PBXFileReference; lastKnownFileType = sourcecode.c.h; path = AlertDisplayer.h; sourceTree = "<group>"; };
		7DC5DAEA22118C2100AB8C58 /* Airport.m */ = {isa = PBXFileReference; lastKnownFileType = sourcecode.c.objc; path = Airport.m; sourceTree = "<group>"; };
		7DC5DAEC2211D0E100AB8C58 /* ListTableViewCell.h */ = {isa = PBXFileReference; lastKnownFileType = sourcecode.c.h; path = ListTableViewCell.h; sourceTree = "<group>"; };
		7DC5DAED2211D0E100AB8C58 /* ListTableViewCell.m */ = {isa = PBXFileReference; lastKnownFileType = sourcecode.c.objc; path = ListTableViewCell.m; sourceTree = "<group>"; };
		7DC5DAEF2211D68400AB8C58 /* UIImageView+Extension.h */ = {isa = PBXFileReference; lastKnownFileType = sourcecode.c.h; path = "UIImageView+Extension.h"; sourceTree = "<group>"; };
		7DC5DAF02211D80A00AB8C58 /* UIImageView+Extension.m */ = {isa = PBXFileReference; lastKnownFileType = sourcecode.c.objc; path = "UIImageView+Extension.m"; sourceTree = "<group>"; };
/* End PBXFileReference section */

/* Begin PBXFrameworksBuildPhase section */
		7D274522220FEE2500CF03CE /* Frameworks */ = {
			isa = PBXFrameworksBuildPhase;
			buildActionMask = 2147483647;
			files = (
			);
			runOnlyForDeploymentPostprocessing = 0;
		};
/* End PBXFrameworksBuildPhase section */

/* Begin PBXGroup section */
		7D27451C220FEE2500CF03CE = {
			isa = PBXGroup;
			children = (
				7D274527220FEE2500CF03CE /* TestTaskAlarStudiosObjC */,
				7D274526220FEE2500CF03CE /* Products */,
			);
			sourceTree = "<group>";
		};
		7D274526220FEE2500CF03CE /* Products */ = {
			isa = PBXGroup;
			children = (
				7D274525220FEE2500CF03CE /* TestTaskAlarStudiosObjC.app */,
			);
			name = Products;
			sourceTree = "<group>";
		};
		7D274527220FEE2500CF03CE /* TestTaskAlarStudiosObjC */ = {
			isa = PBXGroup;
			children = (
				7D274536220FEE2700CF03CE /* Info.plist */,
				7D27453E220FEF6C00CF03CE /* Resource */,
				7D81AA8A2210955200C4AD3D /* Source */,
			);
			path = TestTaskAlarStudiosObjC;
			sourceTree = "<group>";
		};
		7D27453E220FEF6C00CF03CE /* Resource */ = {
			isa = PBXGroup;
			children = (
				7D274531220FEE2700CF03CE /* Assets.xcassets */,
				7D274533220FEE2700CF03CE /* LaunchScreen.storyboard */,
			);
			path = Resource;
			sourceTree = "<group>";
		};
		7D27453F220FEFD100CF03CE /* List */ = {
			isa = PBXGroup;
			children = (
				7D27454722102D8200CF03CE /* ListViewController.h */,
				7D27454822102D8200CF03CE /* ListViewController.m */,
				7DC5DAEC2211D0E100AB8C58 /* ListTableViewCell.h */,
				7DC5DAED2211D0E100AB8C58 /* ListTableViewCell.m */,
			);
			path = List;
			sourceTree = "<group>";
		};
		7D274540220FEFDF00CF03CE /* UI */ = {
			isa = PBXGroup;
			children = (
				7D27452E220FEE2500CF03CE /* Main.storyboard */,
			);
			path = UI;
			sourceTree = "<group>";
		};
		7D2745452210294300CF03CE /* Behaviors */ = {
			isa = PBXGroup;
			children = (
				7D274541220FF71B00CF03CE /* ButtonEnablingBehavior.h */,
				7D274542220FF71B00CF03CE /* ButtonEnablingBehavior.m */,
			);
			path = Behaviors;
			sourceTree = "<group>";
		};
		7D81AA7D22104DBA00C4AD3D /* Service */ = {
			isa = PBXGroup;
			children = (
				7D81AA7E22104DDF00C4AD3D /* LoginService.h */,
				7D81AA7F22104DDF00C4AD3D /* LoginService.m */,
				7D650D2E22114469004D8023 /* DataService.h */,
				7D650D2F22114469004D8023 /* DataService.m */,
			);
			path = Service;
			sourceTree = "<group>";
		};
		7D81AA87221094A000C4AD3D /* Library */ = {
			isa = PBXGroup;
			children = (
				7D81AA89221094F800C4AD3D /* App */,
				7D2745452210294300CF03CE /* Behaviors */,
				7DC5DAE82211647A00AB8C58 /* Model */,
				7D81AA7D22104DBA00C4AD3D /* Service */,
				7DC5DAF22211DA6100AB8C58 /* Extensions */,
				7D81AA88221094AE00C4AD3D /* Utils */,
			);
			path = Library;
			sourceTree = "<group>";
		};
		7D81AA88221094AE00C4AD3D /* Utils */ = {
			isa = PBXGroup;
			children = (
				7D27454422101C6E00CF03CE /* BlockHandlers.h */,
				7DC5DAE92211773E00AB8C58 /* AlertDisplayer.h */,
				7D4757EA2212E71C00FAFDFF /* Annotation.h */,
				7D4757EB2212E71C00FAFDFF /* Annotation.m */,
			);
			path = Utils;
			sourceTree = "<group>";
		};
		7D81AA89221094F800C4AD3D /* App */ = {
			isa = PBXGroup;
			children = (
				7D274528220FEE2500CF03CE /* AppDelegate.h */,
				7D274529220FEE2500CF03CE /* AppDelegate.m */,
				7D274537220FEE2700CF03CE /* main.m */,
			);
			path = App;
			sourceTree = "<group>";
		};
		7D81AA8A2210955200C4AD3D /* Source */ = {
			isa = PBXGroup;
			children = (
				7D81AA8B2210964C00C4AD3D /* Feature */,
				7D81AA87221094A000C4AD3D /* Library */,
			);
			path = Source;
			sourceTree = "<group>";
		};
		7D81AA8B2210964C00C4AD3D /* Feature */ = {
			isa = PBXGroup;
			children = (
				7D81AA8C221096B400C4AD3D /* Login */,
				7D27453F220FEFD100CF03CE /* List */,
				7D81AA8D221096DB00C4AD3D /* Detail */,
				7D274540220FEFDF00CF03CE /* UI */,
			);
			path = Feature;
			sourceTree = "<group>";
		};
		7D81AA8C221096B400C4AD3D /* Login */ = {
			isa = PBXGroup;
			children = (
				7D27452B220FEE2500CF03CE /* LoginViewController.h */,
				7D27452C220FEE2500CF03CE /* LoginViewController.m */,
			);
			path = Login;
			sourceTree = "<group>";
		};
		7D81AA8D221096DB00C4AD3D /* Detail */ = {
			isa = PBXGroup;
			children = (
				7D4757E72212D7DF00FAFDFF /* DetailViewController.h */,
				7D4757E82212D7DF00FAFDFF /* DetailViewController.m */,
			);
			path = Detail;
			sourceTree = "<group>";
		};
		7DC5DAE82211647A00AB8C58 /* Model */ = {
			isa = PBXGroup;
			children = (
				7DC5DAE52211647200AB8C58 /* Airport.h */,
				7DC5DAEA22118C2100AB8C58 /* Airport.m */,
			);
			path = Model;
			sourceTree = "<group>";
		};
		7DC5DAF22211DA6100AB8C58 /* Extensions */ = {
			isa = PBXGroup;
			children = (
				7DC5DAEF2211D68400AB8C58 /* UIImageView+Extension.h */,
				7DC5DAF02211D80A00AB8C58 /* UIImageView+Extension.m */,
			);
			path = Extensions;
			sourceTree = "<group>";
		};
/* End PBXGroup section */

/* Begin PBXNativeTarget section */
		7D274524220FEE2500CF03CE /* TestTaskAlarStudiosObjC */ = {
			isa = PBXNativeTarget;
			buildConfigurationList = 7D27453B220FEE2700CF03CE /* Build configuration list for PBXNativeTarget "TestTaskAlarStudiosObjC" */;
			buildPhases = (
				7D274521220FEE2500CF03CE /* Sources */,
				7D274522220FEE2500CF03CE /* Frameworks */,
				7D274523220FEE2500CF03CE /* Resources */,
			);
			buildRules = (
			);
			dependencies = (
			);
			name = TestTaskAlarStudiosObjC;
			productName = TestTaskAlarStudiosObjC;
			productReference = 7D274525220FEE2500CF03CE /* TestTaskAlarStudiosObjC.app */;
			productType = "com.apple.product-type.application";
		};
/* End PBXNativeTarget section */

/* Begin PBXProject section */
		7D27451D220FEE2500CF03CE /* Project object */ = {
			isa = PBXProject;
			attributes = {
				LastSwiftUpdateCheck = 1010;
				LastUpgradeCheck = 1000;
				ORGANIZATIONNAME = varton;
				TargetAttributes = {
					7D274524220FEE2500CF03CE = {
						CreatedOnToolsVersion = 10.0;
					};
				};
			};
			buildConfigurationList = 7D274520220FEE2500CF03CE /* Build configuration list for PBXProject "TestTaskAlarStudiosObjC" */;
			compatibilityVersion = "Xcode 9.3";
			developmentRegion = en;
			hasScannedForEncodings = 0;
			knownRegions = (
				en,
				Base,
			);
			mainGroup = 7D27451C220FEE2500CF03CE;
			productRefGroup = 7D274526220FEE2500CF03CE /* Products */;
			projectDirPath = "";
			projectRoot = "";
			targets = (
				7D274524220FEE2500CF03CE /* TestTaskAlarStudiosObjC */,
			);
		};
/* End PBXProject section */

/* Begin PBXResourcesBuildPhase section */
		7D274523220FEE2500CF03CE /* Resources */ = {
			isa = PBXResourcesBuildPhase;
			buildActionMask = 2147483647;
			files = (
				7D274535220FEE2700CF03CE /* LaunchScreen.storyboard in Resources */,
				7D274532220FEE2700CF03CE /* Assets.xcassets in Resources */,
				7D274530220FEE2500CF03CE /* Main.storyboard in Resources */,
			);
			runOnlyForDeploymentPostprocessing = 0;
		};
/* End PBXResourcesBuildPhase section */

/* Begin PBXSourcesBuildPhase section */
		7D274521220FEE2500CF03CE /* Sources */ = {
			isa = PBXSourcesBuildPhase;
			buildActionMask = 2147483647;
			files = (
				7DC5DAEE2211D0E100AB8C58 /* ListTableViewCell.m in Sources */,
				7D27454922102D8200CF03CE /* ListViewController.m in Sources */,
				7D650D3022114469004D8023 /* DataService.m in Sources */,
				7D27452D220FEE2500CF03CE /* LoginViewController.m in Sources */,
				7D81AA8022104DDF00C4AD3D /* LoginService.m in Sources */,
				7D274538220FEE2700CF03CE /* main.m in Sources */,
				7D4757EC2212E71C00FAFDFF /* Annotation.m in Sources */,
				7DC5DAF12211D80A00AB8C58 /* UIImageView+Extension.m in Sources */,
				7D4757E92212D7DF00FAFDFF /* DetailViewController.m in Sources */,
				7DC5DAEB22118C2100AB8C58 /* Airport.m in Sources */,
				7D27452A220FEE2500CF03CE /* AppDelegate.m in Sources */,
				7D274543220FF71B00CF03CE /* ButtonEnablingBehavior.m in Sources */,
			);
			runOnlyForDeploymentPostprocessing = 0;
		};
/* End PBXSourcesBuildPhase section */

/* Begin PBXVariantGroup section */
		7D27452E220FEE2500CF03CE /* Main.storyboard */ = {
			isa = PBXVariantGroup;
			children = (
				7D27452F220FEE2500CF03CE /* Base */,
			);
			name = Main.storyboard;
			sourceTree = "<group>";
		};
		7D274533220FEE2700CF03CE /* LaunchScreen.storyboard */ = {
			isa = PBXVariantGroup;
			children = (
				7D274534220FEE2700CF03CE /* Base */,
			);
			name = LaunchScreen.storyboard;
			sourceTree = "<group>";
		};
/* End PBXVariantGroup section */

/* Begin XCBuildConfiguration section */
		7D274539220FEE2700CF03CE /* Debug */ = {
			isa = XCBuildConfiguration;
			buildSettings = {
				ALWAYS_SEARCH_USER_PATHS = NO;
				CLANG_ANALYZER_NONNULL = YES;
				CLANG_ANALYZER_NUMBER_OBJECT_CONVERSION = YES_AGGRESSIVE;
				CLANG_CXX_LANGUAGE_STANDARD = "gnu++14";
				CLANG_CXX_LIBRARY = "libc++";
				CLANG_ENABLE_MODULES = YES;
				CLANG_ENABLE_OBJC_ARC = YES;
				CLANG_ENABLE_OBJC_WEAK = YES;
				CLANG_WARN_BLOCK_CAPTURE_AUTORELEASING = YES;
				CLANG_WARN_BOOL_CONVERSION = YES;
				CLANG_WARN_COMMA = YES;
				CLANG_WARN_CONSTANT_CONVERSION = YES;
				CLANG_WARN_DEPRECATED_OBJC_IMPLEMENTATIONS = YES;
				CLANG_WARN_DIRECT_OBJC_ISA_USAGE = YES_ERROR;
				CLANG_WARN_DOCUMENTATION_COMMENTS = YES;
				CLANG_WARN_EMPTY_BODY = YES;
				CLANG_WARN_ENUM_CONVERSION = YES;
				CLANG_WARN_INFINITE_RECURSION = YES;
				CLANG_WARN_INT_CONVERSION = YES;
				CLANG_WARN_NON_LITERAL_NULL_CONVERSION = YES;
				CLANG_WARN_OBJC_IMPLICIT_RETAIN_SELF = YES;
				CLANG_WARN_OBJC_LITERAL_CONVERSION = YES;
				CLANG_WARN_OBJC_ROOT_CLASS = YES_ERROR;
				CLANG_WARN_RANGE_LOOP_ANALYSIS = YES;
				CLANG_WARN_STRICT_PROTOTYPES = YES;
				CLANG_WARN_SUSPICIOUS_MOVE = YES;
				CLANG_WARN_UNGUARDED_AVAILABILITY = YES_AGGRESSIVE;
				CLANG_WARN_UNREACHABLE_CODE = YES;
				CLANG_WARN__DUPLICATE_METHOD_MATCH = YES;
				CODE_SIGN_IDENTITY = "iPhone Developer";
				COPY_PHASE_STRIP = NO;
				DEBUG_INFORMATION_FORMAT = dwarf;
				ENABLE_STRICT_OBJC_MSGSEND = YES;
				ENABLE_TESTABILITY = YES;
				GCC_C_LANGUAGE_STANDARD = gnu11;
				GCC_DYNAMIC_NO_PIC = NO;
				GCC_NO_COMMON_BLOCKS = YES;
				GCC_OPTIMIZATION_LEVEL = 0;
				GCC_PREPROCESSOR_DEFINITIONS = (
					"DEBUG=1",
					"$(inherited)",
				);
				GCC_WARN_64_TO_32_BIT_CONVERSION = YES;
				GCC_WARN_ABOUT_RETURN_TYPE = YES_ERROR;
				GCC_WARN_UNDECLARED_SELECTOR = YES;
				GCC_WARN_UNINITIALIZED_AUTOS = YES_AGGRESSIVE;
				GCC_WARN_UNUSED_FUNCTION = YES;
				GCC_WARN_UNUSED_VARIABLE = YES;
				IPHONEOS_DEPLOYMENT_TARGET = 10.1;
				MTL_ENABLE_DEBUG_INFO = INCLUDE_SOURCE;
				MTL_FAST_MATH = YES;
				ONLY_ACTIVE_ARCH = YES;
				SDKROOT = iphoneos;
			};
			name = Debug;
		};
		7D27453A220FEE2700CF03CE /* Release */ = {
			isa = XCBuildConfiguration;
			buildSettings = {
				ALWAYS_SEARCH_USER_PATHS = NO;
				CLANG_ANALYZER_NONNULL = YES;
				CLANG_ANALYZER_NUMBER_OBJECT_CONVERSION = YES_AGGRESSIVE;
				CLANG_CXX_LANGUAGE_STANDARD = "gnu++14";
				CLANG_CXX_LIBRARY = "libc++";
				CLANG_ENABLE_MODULES = YES;
				CLANG_ENABLE_OBJC_ARC = YES;
				CLANG_ENABLE_OBJC_WEAK = YES;
				CLANG_WARN_BLOCK_CAPTURE_AUTORELEASING = YES;
				CLANG_WARN_BOOL_CONVERSION = YES;
				CLANG_WARN_COMMA = YES;
				CLANG_WARN_CONSTANT_CONVERSION = YES;
				CLANG_WARN_DEPRECATED_OBJC_IMPLEMENTATIONS = YES;
				CLANG_WARN_DIRECT_OBJC_ISA_USAGE = YES_ERROR;
				CLANG_WARN_DOCUMENTATION_COMMENTS = YES;
				CLANG_WARN_EMPTY_BODY = YES;
				CLANG_WARN_ENUM_CONVERSION = YES;
				CLANG_WARN_INFINITE_RECURSION = YES;
				CLANG_WARN_INT_CONVERSION = YES;
				CLANG_WARN_NON_LITERAL_NULL_CONVERSION = YES;
				CLANG_WARN_OBJC_IMPLICIT_RETAIN_SELF = YES;
				CLANG_WARN_OBJC_LITERAL_CONVERSION = YES;
				CLANG_WARN_OBJC_ROOT_CLASS = YES_ERROR;
				CLANG_WARN_RANGE_LOOP_ANALYSIS = YES;
				CLANG_WARN_STRICT_PROTOTYPES = YES;
				CLANG_WARN_SUSPICIOUS_MOVE = YES;
				CLANG_WARN_UNGUARDED_AVAILABILITY = YES_AGGRESSIVE;
				CLANG_WARN_UNREACHABLE_CODE = YES;
				CLANG_WARN__DUPLICATE_METHOD_MATCH = YES;
				CODE_SIGN_IDENTITY = "iPhone Developer";
				COPY_PHASE_STRIP = NO;
				DEBUG_INFORMATION_FORMAT = "dwarf-with-dsym";
				ENABLE_NS_ASSERTIONS = NO;
				ENABLE_STRICT_OBJC_MSGSEND = YES;
				GCC_C_LANGUAGE_STANDARD = gnu11;
				GCC_NO_COMMON_BLOCKS = YES;
				GCC_WARN_64_TO_32_BIT_CONVERSION = YES;
				GCC_WARN_ABOUT_RETURN_TYPE = YES_ERROR;
				GCC_WARN_UNDECLARED_SELECTOR = YES;
				GCC_WARN_UNINITIALIZED_AUTOS = YES_AGGRESSIVE;
				GCC_WARN_UNUSED_FUNCTION = YES;
				GCC_WARN_UNUSED_VARIABLE = YES;
				IPHONEOS_DEPLOYMENT_TARGET = 10.1;
				MTL_ENABLE_DEBUG_INFO = NO;
				MTL_FAST_MATH = YES;
				SDKROOT = iphoneos;
				VALIDATE_PRODUCT = YES;
			};
			name = Release;
		};
		7D27453C220FEE2700CF03CE /* Debug */ = {
			isa = XCBuildConfiguration;
			buildSettings = {
				ASSETCATALOG_COMPILER_APPICON_NAME = AppIcon;
				CODE_SIGN_STYLE = Automatic;
				DEVELOPMENT_TEAM = "";
				INFOPLIST_FILE = TestTaskAlarStudiosObjC/Info.plist;
				LD_RUNPATH_SEARCH_PATHS = (
					"$(inherited)",
					"@executable_path/Frameworks",
				);
				PRODUCT_BUNDLE_IDENTIFIER = me.varton.TestTaskAlarStudiosObjC;
				PRODUCT_NAME = "$(TARGET_NAME)";
				TARGETED_DEVICE_FAMILY = "1,2";
			};
			name = Debug;
		};
		7D27453D220FEE2700CF03CE /* Release */ = {
			isa = XCBuildConfiguration;
			buildSettings = {
				ASSETCATALOG_COMPILER_APPICON_NAME = AppIcon;
				CODE_SIGN_STYLE = Automatic;
				DEVELOPMENT_TEAM = "";
				INFOPLIST_FILE = TestTaskAlarStudiosObjC/Info.plist;
				LD_RUNPATH_SEARCH_PATHS = (
					"$(inherited)",
					"@executable_path/Frameworks",
				);
				PRODUCT_BUNDLE_IDENTIFIER = me.varton.TestTaskAlarStudiosObjC;
				PRODUCT_NAME = "$(TARGET_NAME)";
				TARGETED_DEVICE_FAMILY = "1,2";
			};
			name = Release;
		};
/* End XCBuildConfiguration section */

/* Begin XCConfigurationList section */
		7D274520220FEE2500CF03CE /* Build configuration list for PBXProject "TestTaskAlarStudiosObjC" */ = {
			isa = XCConfigurationList;
			buildConfigurations = (
				7D274539220FEE2700CF03CE /* Debug */,
				7D27453A220FEE2700CF03CE /* Release */,
			);
			defaultConfigurationIsVisible = 0;
			defaultConfigurationName = Release;
		};
		7D27453B220FEE2700CF03CE /* Build configuration list for PBXNativeTarget "TestTaskAlarStudiosObjC" */ = {
			isa = XCConfigurationList;
			buildConfigurations = (
				7D27453C220FEE2700CF03CE /* Debug */,
				7D27453D220FEE2700CF03CE /* Release */,
			);
			defaultConfigurationIsVisible = 0;
			defaultConfigurationName = Release;
		};
/* End XCConfigurationList section */
	};
	rootObject = 7D27451D220FEE2500CF03CE /* Project object */;
}
